// !$*UTF8*$!
{
	archiveVersion = 1;
	classes = {
	};
	objectVersion = 46;
	objects = {

/* Begin PBXBuildFile section */
		57ACBBB529D3D1680061390D /* UIViewExtension.swift in Sources */ = {isa = PBXBuildFile; fileRef = 57ACBBA929D3D1670061390D /* UIViewExtension.swift */; };
		57ACBBB729D3D1680061390D /* RangeControl.swift in Sources */ = {isa = PBXBuildFile; fileRef = 57ACBBAB29D3D1670061390D /* RangeControl.swift */; };
		57ACBBB829D3D1680061390D /* UiColorExtension.swift in Sources */ = {isa = PBXBuildFile; fileRef = 57ACBBAC29D3D1670061390D /* UiColorExtension.swift */; };
		57ACBBB929D3D1680061390D /* ViewController.swift in Sources */ = {isa = PBXBuildFile; fileRef = 57ACBBAD29D3D1680061390D /* ViewController.swift */; };
		57ACBBBA29D3D1680061390D /* TimeControl.swift in Sources */ = {isa = PBXBuildFile; fileRef = 57ACBBAE29D3D1680061390D /* TimeControl.swift */; };
		57ACBBBB29D3D1680061390D /* RangeControlTrackLayer.swift in Sources */ = {isa = PBXBuildFile; fileRef = 57ACBBAF29D3D1680061390D /* RangeControlTrackLayer.swift */; };
		57ACBBBC29D3D1680061390D /* DateExtension.swift in Sources */ = {isa = PBXBuildFile; fileRef = 57ACBBB029D3D1680061390D /* DateExtension.swift */; };
		57ACBBBD29D3D1680061390D /* FloatExtension.swift in Sources */ = {isa = PBXBuildFile; fileRef = 57ACBBB129D3D1680061390D /* FloatExtension.swift */; };
		57ACBBBE29D3D1680061390D /* AVAssetExtension.swift in Sources */ = {isa = PBXBuildFile; fileRef = 57ACBBB229D3D1680061390D /* AVAssetExtension.swift */; };
		57ACBBC029D3D1680061390D /* RangeControlThumbLayer.swift in Sources */ = {isa = PBXBuildFile; fileRef = 57ACBBB429D3D1680061390D /* RangeControlThumbLayer.swift */; };
		57C50C7B29D3F31100425175 /* PreviewMainViewController.swift in Sources */ = {isa = PBXBuildFile; fileRef = 57C50C7929D3F31100425175 /* PreviewMainViewController.swift */; };
		57C50C8129D4158900425175 /* PreviewVideoViewController.swift in Sources */ = {isa = PBXBuildFile; fileRef = 57C50C7F29D4158800425175 /* PreviewVideoViewController.swift */; };
		F4FF95D7245B92E800C19C63 /* PreviewVideo.swift in Sources */ = {isa = PBXBuildFile; fileRef = F4FF95D6245B92E800C19C63 /* PreviewVideo.swift */; };
/* End PBXBuildFile section */

/* Begin PBXCopyFilesBuildPhase section */
		58B511D91A9E6C8500147676 /* CopyFiles */ = {
			isa = PBXCopyFilesBuildPhase;
			buildActionMask = 2147483647;
			dstPath = "include/$(PRODUCT_NAME)";
			dstSubfolderSpec = 16;
			files = (
			);
			runOnlyForDeploymentPostprocessing = 0;
		};
/* End PBXCopyFilesBuildPhase section */

/* Begin PBXFileReference section */
		134814201AA4EA6300B7C361 /* libPreviewVideo.a */ = {isa = PBXFileReference; explicitFileType = archive.ar; includeInIndex = 0; path = libPreviewVideo.a; sourceTree = BUILT_PRODUCTS_DIR; };
		57ACBBA929D3D1670061390D /* UIViewExtension.swift */ = {isa = PBXFileReference; fileEncoding = 4; lastKnownFileType = sourcecode.swift; path = UIViewExtension.swift; sourceTree = "<group>"; };
		57ACBBAB29D3D1670061390D /* RangeControl.swift */ = {isa = PBXFileReference; fileEncoding = 4; lastKnownFileType = sourcecode.swift; path = RangeControl.swift; sourceTree = "<group>"; };
		57ACBBAC29D3D1670061390D /* UiColorExtension.swift */ = {isa = PBXFileReference; fileEncoding = 4; lastKnownFileType = sourcecode.swift; path = UiColorExtension.swift; sourceTree = "<group>"; };
		57ACBBAD29D3D1680061390D /* ViewController.swift */ = {isa = PBXFileReference; fileEncoding = 4; lastKnownFileType = sourcecode.swift; path = ViewController.swift; sourceTree = "<group>"; };
		57ACBBAE29D3D1680061390D /* TimeControl.swift */ = {isa = PBXFileReference; fileEncoding = 4; lastKnownFileType = sourcecode.swift; path = TimeControl.swift; sourceTree = "<group>"; };
		57ACBBAF29D3D1680061390D /* RangeControlTrackLayer.swift */ = {isa = PBXFileReference; fileEncoding = 4; lastKnownFileType = sourcecode.swift; path = RangeControlTrackLayer.swift; sourceTree = "<group>"; };
		57ACBBB029D3D1680061390D /* DateExtension.swift */ = {isa = PBXFileReference; fileEncoding = 4; lastKnownFileType = sourcecode.swift; path = DateExtension.swift; sourceTree = "<group>"; };
		57ACBBB129D3D1680061390D /* FloatExtension.swift */ = {isa = PBXFileReference; fileEncoding = 4; lastKnownFileType = sourcecode.swift; path = FloatExtension.swift; sourceTree = "<group>"; };
		57ACBBB229D3D1680061390D /* AVAssetExtension.swift */ = {isa = PBXFileReference; fileEncoding = 4; lastKnownFileType = sourcecode.swift; path = AVAssetExtension.swift; sourceTree = "<group>"; };
		57ACBBB429D3D1680061390D /* RangeControlThumbLayer.swift */ = {isa = PBXFileReference; fileEncoding = 4; lastKnownFileType = sourcecode.swift; path = RangeControlThumbLayer.swift; sourceTree = "<group>"; };
		57C50C7929D3F31100425175 /* PreviewMainViewController.swift */ = {isa = PBXFileReference; lastKnownFileType = sourcecode.swift; path = PreviewMainViewController.swift; sourceTree = "<group>"; };
		57C50C7A29D3F31100425175 /* PreviewMainViewController.xib */ = {isa = PBXFileReference; lastKnownFileType = file.xib; path = PreviewMainViewController.xib; sourceTree = "<group>"; };
		57C50C7F29D4158800425175 /* PreviewVideoViewController.swift */ = {isa = PBXFileReference; fileEncoding = 4; lastKnownFileType = sourcecode.swift; path = PreviewVideoViewController.swift; sourceTree = "<group>"; };
		57C50C8029D4158900425175 /* PreviewVideoViewController.xib */ = {isa = PBXFileReference; fileEncoding = 4; lastKnownFileType = file.xib; path = PreviewVideoViewController.xib; sourceTree = "<group>"; };
		B3E7B5891CC2AC0600A0062D /* PreviewVideo.m */ = {isa = PBXFileReference; fileEncoding = 4; lastKnownFileType = sourcecode.c.objc; path = PreviewVideo.m; sourceTree = "<group>"; };
		F4FF95D5245B92E700C19C63 /* PreviewVideo-Bridging-Header.h */ = {isa = PBXFileReference; lastKnownFileType = sourcecode.c.h; path = "PreviewVideo-Bridging-Header.h"; sourceTree = "<group>"; };
		F4FF95D6245B92E800C19C63 /* PreviewVideo.swift */ = {isa = PBXFileReference; lastKnownFileType = sourcecode.swift; path = PreviewVideo.swift; sourceTree = "<group>"; };
/* End PBXFileReference section */

/* Begin PBXFrameworksBuildPhase section */
		58B511D81A9E6C8500147676 /* Frameworks */ = {
			isa = PBXFrameworksBuildPhase;
			buildActionMask = 2147483647;
			files = (
			);
			runOnlyForDeploymentPostprocessing = 0;
		};
/* End PBXFrameworksBuildPhase section */

/* Begin PBXGroup section */
		134814211AA4EA7D00B7C361 /* Products */ = {
			isa = PBXGroup;
			children = (
				134814201AA4EA6300B7C361 /* libPreviewVideo.a */,
			);
			name = Products;
			sourceTree = "<group>";
		};
		57ACBBA829D3D13A0061390D /* Ultils */ = {
			isa = PBXGroup;
			children = (
				57ACBBB229D3D1680061390D /* AVAssetExtension.swift */,
				57ACBBB029D3D1680061390D /* DateExtension.swift */,
				57ACBBB129D3D1680061390D /* FloatExtension.swift */,
				57ACBBAB29D3D1670061390D /* RangeControl.swift */,
				57ACBBB429D3D1680061390D /* RangeControlThumbLayer.swift */,
				57ACBBAF29D3D1680061390D /* RangeControlTrackLayer.swift */,
				57ACBBAE29D3D1680061390D /* TimeControl.swift */,
				57ACBBAC29D3D1670061390D /* UiColorExtension.swift */,
				57ACBBA929D3D1670061390D /* UIViewExtension.swift */,
				57ACBBAD29D3D1680061390D /* ViewController.swift */,
				57C50C7929D3F31100425175 /* PreviewMainViewController.swift */,
				57C50C7A29D3F31100425175 /* PreviewMainViewController.xib */,
				57C50C7F29D4158800425175 /* PreviewVideoViewController.swift */,
				57C50C8029D4158900425175 /* PreviewVideoViewController.xib */,
			);
			path = Ultils;
			sourceTree = "<group>";
		};
		58B511D21A9E6C8500147676 = {
			isa = PBXGroup;
			children = (
				57ACBBA829D3D13A0061390D /* Ultils */,
				F4FF95D6245B92E800C19C63 /* PreviewVideo.swift */,
				B3E7B5891CC2AC0600A0062D /* PreviewVideo.m */,
				F4FF95D5245B92E700C19C63 /* PreviewVideo-Bridging-Header.h */,
				134814211AA4EA7D00B7C361 /* Products */,
			);
			sourceTree = "<group>";
		};
/* End PBXGroup section */

/* Begin PBXNativeTarget section */
		58B511DA1A9E6C8500147676 /* PreviewVideo */ = {
			isa = PBXNativeTarget;
			buildConfigurationList = 58B511EF1A9E6C8500147676 /* Build configuration list for PBXNativeTarget "PreviewVideo" */;
			buildPhases = (
				58B511D71A9E6C8500147676 /* Sources */,
				58B511D81A9E6C8500147676 /* Frameworks */,
				58B511D91A9E6C8500147676 /* CopyFiles */,
			);
			buildRules = (
			);
			dependencies = (
			);
			name = PreviewVideo;
			productName = RCTDataManager;
			productReference = 134814201AA4EA6300B7C361 /* libPreviewVideo.a */;
			productType = "com.apple.product-type.library.static";
		};
/* End PBXNativeTarget section */

/* Begin PBXProject section */
		58B511D31A9E6C8500147676 /* Project object */ = {
			isa = PBXProject;
			attributes = {
				LastUpgradeCheck = 0920;
				ORGANIZATIONNAME = Facebook;
				TargetAttributes = {
					58B511DA1A9E6C8500147676 = {
						CreatedOnToolsVersion = 6.1.1;
					};
				};
			};
			buildConfigurationList = 58B511D61A9E6C8500147676 /* Build configuration list for PBXProject "PreviewVideo" */;
			compatibilityVersion = "Xcode 3.2";
			developmentRegion = English;
			hasScannedForEncodings = 0;
			knownRegions = (
				English,
				en,
			);
			mainGroup = 58B511D21A9E6C8500147676;
			productRefGroup = 58B511D21A9E6C8500147676;
			projectDirPath = "";
			projectRoot = "";
			targets = (
				58B511DA1A9E6C8500147676 /* PreviewVideo */,
			);
		};
/* End PBXProject section */

/* Begin PBXSourcesBuildPhase section */
		58B511D71A9E6C8500147676 /* Sources */ = {
			isa = PBXSourcesBuildPhase;
			buildActionMask = 2147483647;
			files = (
				57ACBBBA29D3D1680061390D /* TimeControl.swift in Sources */,
				57ACBBB929D3D1680061390D /* ViewController.swift in Sources */,
				57ACBBB529D3D1680061390D /* UIViewExtension.swift in Sources */,
				57ACBBBC29D3D1680061390D /* DateExtension.swift in Sources */,
				57ACBBB829D3D1680061390D /* UiColorExtension.swift in Sources */,
				F4FF95D7245B92E800C19C63 /* PreviewVideo.swift in Sources */,
				57C50C7B29D3F31100425175 /* PreviewMainViewController.swift in Sources */,
				57C50C8129D4158900425175 /* PreviewVideoViewController.swift in Sources */,
				57ACBBB729D3D1680061390D /* RangeControl.swift in Sources */,
				57ACBBBE29D3D1680061390D /* AVAssetExtension.swift in Sources */,
				57ACBBBD29D3D1680061390D /* FloatExtension.swift in Sources */,
				57ACBBBB29D3D1680061390D /* RangeControlTrackLayer.swift in Sources */,
				57ACBBC029D3D1680061390D /* RangeControlThumbLayer.swift in Sources */,
			);
			runOnlyForDeploymentPostprocessing = 0;
		};
/* End PBXSourcesBuildPhase section */

/* Begin XCBuildConfiguration section */
		58B511ED1A9E6C8500147676 /* Debug */ = {
			isa = XCBuildConfiguration;
			buildSettings = {
				ALWAYS_SEARCH_USER_PATHS = NO;
				CLANG_CXX_LANGUAGE_STANDARD = "gnu++0x";
				CLANG_CXX_LIBRARY = "libc++";
				CLANG_ENABLE_MODULES = YES;
				CLANG_ENABLE_OBJC_ARC = YES;
				CLANG_WARN_BLOCK_CAPTURE_AUTORELEASING = YES;
				CLANG_WARN_BOOL_CONVERSION = YES;
				CLANG_WARN_COMMA = YES;
				CLANG_WARN_CONSTANT_CONVERSION = YES;
				CLANG_WARN_DIRECT_OBJC_ISA_USAGE = YES_ERROR;
				CLANG_WARN_EMPTY_BODY = YES;
				CLANG_WARN_ENUM_CONVERSION = YES;
				CLANG_WARN_INFINITE_RECURSION = YES;
				CLANG_WARN_INT_CONVERSION = YES;
				CLANG_WARN_NON_LITERAL_NULL_CONVERSION = YES;
				CLANG_WARN_OBJC_LITERAL_CONVERSION = YES;
				CLANG_WARN_OBJC_ROOT_CLASS = YES_ERROR;
				CLANG_WARN_RANGE_LOOP_ANALYSIS = YES;
				CLANG_WARN_STRICT_PROTOTYPES = YES;
				CLANG_WARN_SUSPICIOUS_MOVE = YES;
				CLANG_WARN_UNREACHABLE_CODE = YES;
				CLANG_WARN__DUPLICATE_METHOD_MATCH = YES;
				COPY_PHASE_STRIP = NO;
				ENABLE_STRICT_OBJC_MSGSEND = YES;
				ENABLE_TESTABILITY = YES;
				"EXCLUDED_ARCHS[sdk=*]" = arm64;
				GCC_C_LANGUAGE_STANDARD = gnu99;
				GCC_DYNAMIC_NO_PIC = NO;
				GCC_NO_COMMON_BLOCKS = YES;
				GCC_OPTIMIZATION_LEVEL = 0;
				GCC_PREPROCESSOR_DEFINITIONS = (
					"DEBUG=1",
					"$(inherited)",
				);
				GCC_SYMBOLS_PRIVATE_EXTERN = NO;
				GCC_WARN_64_TO_32_BIT_CONVERSION = YES;
				GCC_WARN_ABOUT_RETURN_TYPE = YES_ERROR;
				GCC_WARN_UNDECLARED_SELECTOR = YES;
				GCC_WARN_UNINITIALIZED_AUTOS = YES_AGGRESSIVE;
				GCC_WARN_UNUSED_FUNCTION = YES;
				GCC_WARN_UNUSED_VARIABLE = YES;
				IPHONEOS_DEPLOYMENT_TARGET = 8.0;
				MTL_ENABLE_DEBUG_INFO = YES;
				ONLY_ACTIVE_ARCH = YES;
				SDKROOT = iphoneos;
			};
			name = Debug;
		};
		58B511EE1A9E6C8500147676 /* Release */ = {
			isa = XCBuildConfiguration;
			buildSettings = {
				ALWAYS_SEARCH_USER_PATHS = NO;
				CLANG_CXX_LANGUAGE_STANDARD = "gnu++0x";
				CLANG_CXX_LIBRARY = "libc++";
				CLANG_ENABLE_MODULES = YES;
				CLANG_ENABLE_OBJC_ARC = YES;
				CLANG_WARN_BLOCK_CAPTURE_AUTORELEASING = YES;
				CLANG_WARN_BOOL_CONVERSION = YES;
				CLANG_WARN_COMMA = YES;
				CLANG_WARN_CONSTANT_CONVERSION = YES;
				CLANG_WARN_DIRECT_OBJC_ISA_USAGE = YES_ERROR;
				CLANG_WARN_EMPTY_BODY = YES;
				CLANG_WARN_ENUM_CONVERSION = YES;
				CLANG_WARN_INFINITE_RECURSION = YES;
				CLANG_WARN_INT_CONVERSION = YES;
				CLANG_WARN_NON_LITERAL_NULL_CONVERSION = YES;
				CLANG_WARN_OBJC_LITERAL_CONVERSION = YES;
				CLANG_WARN_OBJC_ROOT_CLASS = YES_ERROR;
				CLANG_WARN_RANGE_LOOP_ANALYSIS = YES;
				CLANG_WARN_STRICT_PROTOTYPES = YES;
				CLANG_WARN_SUSPICIOUS_MOVE = YES;
				CLANG_WARN_UNREACHABLE_CODE = YES;
				CLANG_WARN__DUPLICATE_METHOD_MATCH = YES;
				COPY_PHASE_STRIP = YES;
				ENABLE_NS_ASSERTIONS = NO;
				ENABLE_STRICT_OBJC_MSGSEND = YES;
				"EXCLUDED_ARCHS[sdk=*]" = arm64;
				GCC_C_LANGUAGE_STANDARD = gnu99;
				GCC_NO_COMMON_BLOCKS = YES;
				GCC_WARN_64_TO_32_BIT_CONVERSION = YES;
				GCC_WARN_ABOUT_RETURN_TYPE = YES_ERROR;
				GCC_WARN_UNDECLARED_SELECTOR = YES;
				GCC_WARN_UNINITIALIZED_AUTOS = YES_AGGRESSIVE;
				GCC_WARN_UNUSED_FUNCTION = YES;
				GCC_WARN_UNUSED_VARIABLE = YES;
				IPHONEOS_DEPLOYMENT_TARGET = 8.0;
				MTL_ENABLE_DEBUG_INFO = NO;
				SDKROOT = iphoneos;
				VALIDATE_PRODUCT = YES;
			};
			name = Release;
		};
		58B511F01A9E6C8500147676 /* Debug */ = {
			isa = XCBuildConfiguration;
			buildSettings = {
				HEADER_SEARCH_PATHS = (
					"$(inherited)",
					/Applications/Xcode.app/Contents/Developer/Toolchains/XcodeDefault.xctoolchain/usr/include,
					"$(SRCROOT)/../../../React/**",
					"$(SRCROOT)/../../react-native/React/**",
				);
				LIBRARY_SEARCH_PATHS = "$(inherited)";
				OTHER_LDFLAGS = "-ObjC";
				PRODUCT_NAME = PreviewVideo;
				SKIP_INSTALL = YES;
				SWIFT_OBJC_BRIDGING_HEADER = "PreviewVideo-Bridging-Header.h";
				SWIFT_OPTIMIZATION_LEVEL = "-Onone";
				SWIFT_VERSION = 5.0;
			};
			name = Debug;
		};
		58B511F11A9E6C8500147676 /* Release */ = {
			isa = XCBuildConfiguration;
			buildSettings = {
				HEADER_SEARCH_PATHS = (
					"$(inherited)",
					/Applications/Xcode.app/Contents/Developer/Toolchains/XcodeDefault.xctoolchain/usr/include,
					"$(SRCROOT)/../../../React/**",
					"$(SRCROOT)/../../react-native/React/**",
				);
				LIBRARY_SEARCH_PATHS = "$(inherited)";
				OTHER_LDFLAGS = "-ObjC";
				PRODUCT_NAME = PreviewVideo;
				SKIP_INSTALL = YES;
				SWIFT_OBJC_BRIDGING_HEADER = "PreviewVideo-Bridging-Header.h";
				SWIFT_VERSION = 5.0;
			};
			name = Release;
		};
/* End XCBuildConfiguration section */

/* Begin XCConfigurationList section */
		58B511D61A9E6C8500147676 /* Build configuration list for PBXProject "PreviewVideo" */ = {
			isa = XCConfigurationList;
			buildConfigurations = (
				58B511ED1A9E6C8500147676 /* Debug */,
				58B511EE1A9E6C8500147676 /* Release */,
			);
			defaultConfigurationIsVisible = 0;
			defaultConfigurationName = Release;
		};
		58B511EF1A9E6C8500147676 /* Build configuration list for PBXNativeTarget "PreviewVideo" */ = {
			isa = XCConfigurationList;
			buildConfigurations = (
				58B511F01A9E6C8500147676 /* Debug */,
				58B511F11A9E6C8500147676 /* Release */,
			);
			defaultConfigurationIsVisible = 0;
			defaultConfigurationName = Release;
		};
/* End XCConfigurationList section */
	};
	rootObject = 58B511D31A9E6C8500147676 /* Project object */;
}
